
Microsoft Visual Studio Solution File, Format Version 10.00
# Visual Studio 2008
Project("{FAE04EC0-301F-11D3-BF4B-00C04F79EFBC}") = "DomainModel", "DomainModel\DomainModel.csproj", "{E51AD5A3-13F8-44AD-B533-273B708F79DF}"
EndProject
Project("{FAE04EC0-301F-11D3-BF4B-00C04F79EFBC}") = "Website", "Website\Website\Website.csproj", "{2A2BDE59-BCBF-4649-A414-37E2FECDD5E8}"
EndProject
Global
	GlobalSection(SolutionConfigurationPlatforms) = preSolution
		Debug|Any CPU = Debug|Any CPU
		Release|Any CPU = Release|Any CPU
	EndGlobalSection
	GlobalSection(ProjectConfigurationPlatforms) = postSolution
		{E51AD5A3-13F8-44AD-B533-273B708F79DF}.Debug|Any CPU.ActiveCfg = Debug|Any CPU
		{E51AD5A3-13F8-44AD-B533-273B708F79DF}.Debug|Any CPU.Build.0 = Debug|Any CPU
		{E51AD5A3-13F8-44AD-B533-273B708F79DF}.Release|Any CPU.ActiveCfg = Release|Any CPU
		{E51AD5A3-13F8-44AD-B533-273B708F79DF}.Release|Any CPU.Build.0 = Release|Any CPU
		{2A2BDE59-BCBF-4649-A414-37E2FECDD5E8}.Debug|Any CPU.ActiveCfg = Debug|Any CPU
		{2A2BDE59-BCBF-4649-A414-37E2FECDD5E8}.Debug|Any CPU.Build.0 = Debug|Any CPU
		{2A2BDE59-BCBF-4649-A414-37E2FECDD5E8}.Release|Any CPU.ActiveCfg = Release|Any CPU
		{2A2BDE59-BCBF-4649-A414-37E2FECDD5E8}.Release|Any CPU.Build.0 = Release|Any CPU
	EndGlobalSection
	GlobalSection(SolutionProperties) = preSolution
		HideSolutionNode = FALSE
	EndGlobalSection
EndGlobal
